
Microsoft Visual Studio Solution File, Format Version 12.00
# Visual Studio Version 17
VisualStudioVersion = 17.7.34031.279
MinimumVisualStudioVersion = 10.0.40219.1
Project("{FAE04EC0-301F-11D3-BF4B-00C04F79EFBC}") = "Ingrese_si_es_un_numero_vocal_o_consonante", "Ingrese_si_es_un_numero_vocal_o_consonante\Ingrese_si_es_un_numero_vocal_o_consonante.csproj", "{08064C7C-F4D2-44C0-9F2F-FD822CBF05E6}"
EndProject
Global
	GlobalSection(SolutionConfigurationPlatforms) = preSolution
		Debug|Any CPU = Debug|Any CPU
		Release|Any CPU = Release|Any CPU
	EndGlobalSection
	GlobalSection(ProjectConfigurationPlatforms) = postSolution
		{08064C7C-F4D2-44C0-9F2F-FD822CBF05E6}.Debug|Any CPU.ActiveCfg = Debug|Any CPU
		{08064C7C-F4D2-44C0-9F2F-FD822CBF05E6}.Debug|Any CPU.Build.0 = Debug|Any CPU
		{08064C7C-F4D2-44C0-9F2F-FD822CBF05E6}.Release|Any CPU.ActiveCfg = Release|Any CPU
		{08064C7C-F4D2-44C0-9F2F-FD822CBF05E6}.Release|Any CPU.Build.0 = Release|Any CPU
	EndGlobalSection
	GlobalSection(SolutionProperties) = preSolution
		HideSolutionNode = FALSE
	EndGlobalSection
	GlobalSection(ExtensibilityGlobals) = postSolution
		SolutionGuid = {36767557-09AE-4BF8-A807-B0A2151CF415}
	EndGlobalSection
EndGlobal
